// !$*UTF8*$!
{
	archiveVersion = 1;
	classes = {
	};
	objectVersion = 55;
	objects = {

/* Begin PBXBuildFile section */
		711C8E4D28A159A700F50ABC /* UINavigationController+Extension.swift in Sources */ = {isa = PBXBuildFile; fileRef = 711C8E4C28A159A600F50ABC /* UINavigationController+Extension.swift */; };
		711EAF7D2897F2550092B29C /* ScannerViewController.swift in Sources */ = {isa = PBXBuildFile; fileRef = 711EAF7C2897F2550092B29C /* ScannerViewController.swift */; };
		7134382E2866D038005D0EBD /* AppDelegate.swift in Sources */ = {isa = PBXBuildFile; fileRef = 7134382D2866D038005D0EBD /* AppDelegate.swift */; };
		713438302866D038005D0EBD /* SceneDelegate.swift in Sources */ = {isa = PBXBuildFile; fileRef = 7134382F2866D038005D0EBD /* SceneDelegate.swift */; };
		713438322866D038005D0EBD /* LoginViewController.swift in Sources */ = {isa = PBXBuildFile; fileRef = 713438312866D038005D0EBD /* LoginViewController.swift */; };
		713438352866D038005D0EBD /* Main.storyboard in Resources */ = {isa = PBXBuildFile; fileRef = 713438332866D038005D0EBD /* Main.storyboard */; };
		713438372866D03F005D0EBD /* Assets.xcassets in Resources */ = {isa = PBXBuildFile; fileRef = 713438362866D03F005D0EBD /* Assets.xcassets */; };
		7134383A2866D03F005D0EBD /* LaunchScreen.storyboard in Resources */ = {isa = PBXBuildFile; fileRef = 713438382866D03F005D0EBD /* LaunchScreen.storyboard */; };
		713438432866D46B005D0EBD /* UIViewController+Extension.swift in Sources */ = {isa = PBXBuildFile; fileRef = 713438422866D46B005D0EBD /* UIViewController+Extension.swift */; };
		713438462866E07E005D0EBD /* SimpleCheckbox in Frameworks */ = {isa = PBXBuildFile; productRef = 713438452866E07E005D0EBD /* SimpleCheckbox */; };
		713438482866E5C6005D0EBD /* MapViewController.swift in Sources */ = {isa = PBXBuildFile; fileRef = 713438472866E5C6005D0EBD /* MapViewController.swift */; };
		7134384A286768DB005D0EBD /* ProfileViewController.swift in Sources */ = {isa = PBXBuildFile; fileRef = 71343849286768DB005D0EBD /* ProfileViewController.swift */; };
		7134384C28676902005D0EBD /* DashboardViewController.swift in Sources */ = {isa = PBXBuildFile; fileRef = 7134384B28676902005D0EBD /* DashboardViewController.swift */; };
		7134384E28676D6F005D0EBD /* NavigationBar.swift in Sources */ = {isa = PBXBuildFile; fileRef = 7134384D28676D6F005D0EBD /* NavigationBar.swift */; };
		7134385328677252005D0EBD /* UIControl+Extension.swift in Sources */ = {isa = PBXBuildFile; fileRef = 7134385228677252005D0EBD /* UIControl+Extension.swift */; };
		713C9E872891046200F8F3AE /* ParameterEncoding.swift in Sources */ = {isa = PBXBuildFile; fileRef = 713C9E722891046200F8F3AE /* ParameterEncoding.swift */; };
		713C9E8A2891046200F8F3AE /* NetworkManager.swift in Sources */ = {isa = PBXBuildFile; fileRef = 713C9E762891046200F8F3AE /* NetworkManager.swift */; };
		713C9E8B2891046200F8F3AE /* RedeEndPoint.swift in Sources */ = {isa = PBXBuildFile; fileRef = 713C9E782891046200F8F3AE /* RedeEndPoint.swift */; };
		713C9E932891046200F8F3AE /* NetworkHeaders.swift in Sources */ = {isa = PBXBuildFile; fileRef = 713C9E822891046200F8F3AE /* NetworkHeaders.swift */; };
		713C9E942891046200F8F3AE /* HTTPMethod.swift in Sources */ = {isa = PBXBuildFile; fileRef = 713C9E832891046200F8F3AE /* HTTPMethod.swift */; };
		713C9E952891046200F8F3AE /* Router.swift in Sources */ = {isa = PBXBuildFile; fileRef = 713C9E842891046200F8F3AE /* Router.swift */; };
		713C9E962891046200F8F3AE /* NetworkLogger.swift in Sources */ = {isa = PBXBuildFile; fileRef = 713C9E852891046200F8F3AE /* NetworkLogger.swift */; };
		713C9E972891046200F8F3AE /* EndPointType.swift in Sources */ = {isa = PBXBuildFile; fileRef = 713C9E862891046200F8F3AE /* EndPointType.swift */; };
		713C9E9928910A4600F8F3AE /* User.swift in Sources */ = {isa = PBXBuildFile; fileRef = 713C9E9828910A4600F8F3AE /* User.swift */; };
		713C9E9B28910AB200F8F3AE /* UserDefault+Extension.swift in Sources */ = {isa = PBXBuildFile; fileRef = 713C9E9A28910AB200F8F3AE /* UserDefault+Extension.swift */; };
		714581572889207000634022 /* ChargerDetailsViewController.swift in Sources */ = {isa = PBXBuildFile; fileRef = 714581562889207000634022 /* ChargerDetailsViewController.swift */; };
		7145815928892F4E00634022 /* StopChargingViewController.swift in Sources */ = {isa = PBXBuildFile; fileRef = 7145815828892F4E00634022 /* StopChargingViewController.swift */; };
		714CEF752899551A00528ACF /* Url+Extension.swift in Sources */ = {isa = PBXBuildFile; fileRef = 714CEF742899551A00528ACF /* Url+Extension.swift */; };
		716362412897E174003ADFF6 /* SiteDetailsViewController.swift in Sources */ = {isa = PBXBuildFile; fileRef = 716362402897E174003ADFF6 /* SiteDetailsViewController.swift */; };
		716E7468289BF4F400F02342 /* NetworkParameters.swift in Sources */ = {isa = PBXBuildFile; fileRef = 716E7467289BF4F400F02342 /* NetworkParameters.swift */; };
		717A996E289FF41D00AD6646 /* ConnectorCell.swift in Sources */ = {isa = PBXBuildFile; fileRef = 717A996D289FF41D00AD6646 /* ConnectorCell.swift */; };
		719353422891160F00FF676E /* AlamofireImage in Frameworks */ = {isa = PBXBuildFile; productRef = 719353412891160F00FF676E /* AlamofireImage */; };
		719746A62892792B001490C0 /* Site.swift in Sources */ = {isa = PBXBuildFile; fileRef = 719746A52892792B001490C0 /* Site.swift */; };
		719746A82892B1E5001490C0 /* CoreLocation.framework in Frameworks */ = {isa = PBXBuildFile; fileRef = 719746A72892B1E5001490C0 /* CoreLocation.framework */; };
		71C2B3A928C653C6002E7724 /* TransactionHistoryViewController.swift in Sources */ = {isa = PBXBuildFile; fileRef = 71C2B3A828C653C6002E7724 /* TransactionHistoryViewController.swift */; };
		71CF94D9289CCF06002186EA /* Aldrich-Regular.ttf in Resources */ = {isa = PBXBuildFile; fileRef = 71CF94D8289CCF06002186EA /* Aldrich-Regular.ttf */; };
		71EDDD14289CBF5200B9DA84 /* RegistrationViewController.swift in Sources */ = {isa = PBXBuildFile; fileRef = 71EDDD13289CBF5200B9DA84 /* RegistrationViewController.swift */; };
		71F5D91C28B3D8E100B66482 /* AuthorizePaymentViewController.swift in Sources */ = {isa = PBXBuildFile; fileRef = 71F5D91B28B3D8E100B66482 /* AuthorizePaymentViewController.swift */; };
		B9DF35B97F8D05607085425A /* Pods_REDE.framework in Frameworks */ = {isa = PBXBuildFile; fileRef = 2A599344D37568E44066C63C /* Pods_REDE.framework */; };
/* End PBXBuildFile section */

/* Begin PBXFileReference section */
		2A599344D37568E44066C63C /* Pods_REDE.framework */ = {isa = PBXFileReference; explicitFileType = wrapper.framework; includeInIndex = 0; path = Pods_REDE.framework; sourceTree = BUILT_PRODUCTS_DIR; };
		6B94DAA5761D839589C09025 /* Pods-REDE.debug.xcconfig */ = {isa = PBXFileReference; includeInIndex = 1; lastKnownFileType = text.xcconfig; name = "Pods-REDE.debug.xcconfig"; path = "Target Support Files/Pods-REDE/Pods-REDE.debug.xcconfig"; sourceTree = "<group>"; };
		7101B04D52457366EE8B0E58 /* Pods-REDE.release.xcconfig */ = {isa = PBXFileReference; includeInIndex = 1; lastKnownFileType = text.xcconfig; name = "Pods-REDE.release.xcconfig"; path = "Target Support Files/Pods-REDE/Pods-REDE.release.xcconfig"; sourceTree = "<group>"; };
		711C8E4C28A159A600F50ABC /* UINavigationController+Extension.swift */ = {isa = PBXFileReference; lastKnownFileType = sourcecode.swift; path = "UINavigationController+Extension.swift"; sourceTree = "<group>"; };
		711EAF7C2897F2550092B29C /* ScannerViewController.swift */ = {isa = PBXFileReference; lastKnownFileType = sourcecode.swift; path = ScannerViewController.swift; sourceTree = "<group>"; };
		7134382A2866D038005D0EBD /* REDE.app */ = {isa = PBXFileReference; explicitFileType = wrapper.application; includeInIndex = 0; path = REDE.app; sourceTree = BUILT_PRODUCTS_DIR; };
		7134382D2866D038005D0EBD /* AppDelegate.swift */ = {isa = PBXFileReference; lastKnownFileType = sourcecode.swift; path = AppDelegate.swift; sourceTree = "<group>"; };
		7134382F2866D038005D0EBD /* SceneDelegate.swift */ = {isa = PBXFileReference; lastKnownFileType = sourcecode.swift; path = SceneDelegate.swift; sourceTree = "<group>"; };
		713438312866D038005D0EBD /* LoginViewController.swift */ = {isa = PBXFileReference; lastKnownFileType = sourcecode.swift; path = LoginViewController.swift; sourceTree = "<group>"; };
		713438342866D038005D0EBD /* Base */ = {isa = PBXFileReference; lastKnownFileType = file.storyboard; name = Base; path = Base.lproj/Main.storyboard; sourceTree = "<group>"; };
		713438362866D03F005D0EBD /* Assets.xcassets */ = {isa = PBXFileReference; lastKnownFileType = folder.assetcatalog; path = Assets.xcassets; sourceTree = "<group>"; };
		713438392866D03F005D0EBD /* Base */ = {isa = PBXFileReference; lastKnownFileType = file.storyboard; name = Base; path = Base.lproj/LaunchScreen.storyboard; sourceTree = "<group>"; };
		7134383B2866D03F005D0EBD /* Info.plist */ = {isa = PBXFileReference; lastKnownFileType = text.plist.xml; path = Info.plist; sourceTree = "<group>"; };
		713438422866D46B005D0EBD /* UIViewController+Extension.swift */ = {isa = PBXFileReference; lastKnownFileType = sourcecode.swift; path = "UIViewController+Extension.swift"; sourceTree = "<group>"; };
		713438472866E5C6005D0EBD /* MapViewController.swift */ = {isa = PBXFileReference; lastKnownFileType = sourcecode.swift; path = MapViewController.swift; sourceTree = "<group>"; };
		71343849286768DB005D0EBD /* ProfileViewController.swift */ = {isa = PBXFileReference; lastKnownFileType = sourcecode.swift; path = ProfileViewController.swift; sourceTree = "<group>"; };
		7134384B28676902005D0EBD /* DashboardViewController.swift */ = {isa = PBXFileReference; lastKnownFileType = sourcecode.swift; path = DashboardViewController.swift; sourceTree = "<group>"; };
		7134384D28676D6F005D0EBD /* NavigationBar.swift */ = {isa = PBXFileReference; fileEncoding = 4; lastKnownFileType = sourcecode.swift; path = NavigationBar.swift; sourceTree = "<group>"; };
		7134385228677252005D0EBD /* UIControl+Extension.swift */ = {isa = PBXFileReference; lastKnownFileType = sourcecode.swift; path = "UIControl+Extension.swift"; sourceTree = "<group>"; };
		713C9E722891046200F8F3AE /* ParameterEncoding.swift */ = {isa = PBXFileReference; fileEncoding = 4; lastKnownFileType = sourcecode.swift; path = ParameterEncoding.swift; sourceTree = "<group>"; };
		713C9E762891046200F8F3AE /* NetworkManager.swift */ = {isa = PBXFileReference; fileEncoding = 4; lastKnownFileType = sourcecode.swift; path = NetworkManager.swift; sourceTree = "<group>"; };
		713C9E782891046200F8F3AE /* RedeEndPoint.swift */ = {isa = PBXFileReference; fileEncoding = 4; lastKnownFileType = sourcecode.swift; path = RedeEndPoint.swift; sourceTree = "<group>"; };
		713C9E822891046200F8F3AE /* NetworkHeaders.swift */ = {isa = PBXFileReference; fileEncoding = 4; lastKnownFileType = sourcecode.swift; path = NetworkHeaders.swift; sourceTree = "<group>"; };
		713C9E832891046200F8F3AE /* HTTPMethod.swift */ = {isa = PBXFileReference; fileEncoding = 4; lastKnownFileType = sourcecode.swift; path = HTTPMethod.swift; sourceTree = "<group>"; };
		713C9E842891046200F8F3AE /* Router.swift */ = {isa = PBXFileReference; fileEncoding = 4; lastKnownFileType = sourcecode.swift; path = Router.swift; sourceTree = "<group>"; };
		713C9E852891046200F8F3AE /* NetworkLogger.swift */ = {isa = PBXFileReference; fileEncoding = 4; lastKnownFileType = sourcecode.swift; path = NetworkLogger.swift; sourceTree = "<group>"; };
		713C9E862891046200F8F3AE /* EndPointType.swift */ = {isa = PBXFileReference; fileEncoding = 4; lastKnownFileType = sourcecode.swift; path = EndPointType.swift; sourceTree = "<group>"; };
		713C9E9828910A4600F8F3AE /* User.swift */ = {isa = PBXFileReference; lastKnownFileType = sourcecode.swift; path = User.swift; sourceTree = "<group>"; };
		713C9E9A28910AB200F8F3AE /* UserDefault+Extension.swift */ = {isa = PBXFileReference; lastKnownFileType = sourcecode.swift; path = "UserDefault+Extension.swift"; sourceTree = "<group>"; };
		714581562889207000634022 /* ChargerDetailsViewController.swift */ = {isa = PBXFileReference; lastKnownFileType = sourcecode.swift; path = ChargerDetailsViewController.swift; sourceTree = "<group>"; };
		7145815828892F4E00634022 /* StopChargingViewController.swift */ = {isa = PBXFileReference; lastKnownFileType = sourcecode.swift; path = StopChargingViewController.swift; sourceTree = "<group>"; };
		714CEF742899551A00528ACF /* Url+Extension.swift */ = {isa = PBXFileReference; lastKnownFileType = sourcecode.swift; path = "Url+Extension.swift"; sourceTree = "<group>"; };
		716362402897E174003ADFF6 /* SiteDetailsViewController.swift */ = {isa = PBXFileReference; lastKnownFileType = sourcecode.swift; path = SiteDetailsViewController.swift; sourceTree = "<group>"; };
		716E7467289BF4F400F02342 /* NetworkParameters.swift */ = {isa = PBXFileReference; lastKnownFileType = sourcecode.swift; path = NetworkParameters.swift; sourceTree = "<group>"; };
		717A996D289FF41D00AD6646 /* ConnectorCell.swift */ = {isa = PBXFileReference; lastKnownFileType = sourcecode.swift; path = ConnectorCell.swift; sourceTree = "<group>"; };
		719746A52892792B001490C0 /* Site.swift */ = {isa = PBXFileReference; lastKnownFileType = sourcecode.swift; path = Site.swift; sourceTree = "<group>"; };
		719746A72892B1E5001490C0 /* CoreLocation.framework */ = {isa = PBXFileReference; lastKnownFileType = wrapper.framework; name = CoreLocation.framework; path = System/Library/Frameworks/CoreLocation.framework; sourceTree = SDKROOT; };
		71C2B3A828C653C6002E7724 /* TransactionHistoryViewController.swift */ = {isa = PBXFileReference; lastKnownFileType = sourcecode.swift; path = TransactionHistoryViewController.swift; sourceTree = "<group>"; };
		71CF94D8289CCF06002186EA /* Aldrich-Regular.ttf */ = {isa = PBXFileReference; lastKnownFileType = file; path = "Aldrich-Regular.ttf"; sourceTree = "<group>"; };
		71EDDD13289CBF5200B9DA84 /* RegistrationViewController.swift */ = {isa = PBXFileReference; lastKnownFileType = sourcecode.swift; path = RegistrationViewController.swift; sourceTree = "<group>"; };
		71F5D91B28B3D8E100B66482 /* AuthorizePaymentViewController.swift */ = {isa = PBXFileReference; lastKnownFileType = sourcecode.swift; path = AuthorizePaymentViewController.swift; sourceTree = "<group>"; };
		A91AAF31293E5CC400E206D4 /* PassKit.framework */ = {isa = PBXFileReference; lastKnownFileType = wrapper.framework; name = PassKit.framework; path = System/Library/Frameworks/PassKit.framework; sourceTree = SDKROOT; };
/* End PBXFileReference section */

/* Begin PBXFrameworksBuildPhase section */
		713438272866D038005D0EBD /* Frameworks */ = {
			isa = PBXFrameworksBuildPhase;
			buildActionMask = 2147483647;
			files = (
				719746A82892B1E5001490C0 /* CoreLocation.framework in Frameworks */,
				B9DF35B97F8D05607085425A /* Pods_REDE.framework in Frameworks */,
				713438462866E07E005D0EBD /* SimpleCheckbox in Frameworks */,
				719353422891160F00FF676E /* AlamofireImage in Frameworks */,
			);
			runOnlyForDeploymentPostprocessing = 0;
		};
/* End PBXFrameworksBuildPhase section */

/* Begin PBXGroup section */
		713438212866D038005D0EBD = {
			isa = PBXGroup;
			children = (
				7134382C2866D038005D0EBD /* REDE */,
				7134382B2866D038005D0EBD /* Products */,
				C42243056160D146595EC682 /* Pods */,
				B9882915053D1D299CCF8952 /* Frameworks */,
			);
			sourceTree = "<group>";
		};
		7134382B2866D038005D0EBD /* Products */ = {
			isa = PBXGroup;
			children = (
				7134382A2866D038005D0EBD /* REDE.app */,
			);
			name = Products;
			sourceTree = "<group>";
		};
		7134382C2866D038005D0EBD /* REDE */ = {
			isa = PBXGroup;
			children = (
				71CF94D7289CCEF6002186EA /* Font */,
				713C9E702891046200F8F3AE /* Network */,
				7134385128676DB3005D0EBD /* Views */,
				713438412866D43E005D0EBD /* Extension */,
				7134382D2866D038005D0EBD /* AppDelegate.swift */,
				7134382F2866D038005D0EBD /* SceneDelegate.swift */,
				713438312866D038005D0EBD /* LoginViewController.swift */,
				71EDDD13289CBF5200B9DA84 /* RegistrationViewController.swift */,
				7134384B28676902005D0EBD /* DashboardViewController.swift */,
				71343849286768DB005D0EBD /* ProfileViewController.swift */,
				713438472866E5C6005D0EBD /* MapViewController.swift */,
				714581562889207000634022 /* ChargerDetailsViewController.swift */,
				7145815828892F4E00634022 /* StopChargingViewController.swift */,
				716362402897E174003ADFF6 /* SiteDetailsViewController.swift */,
				711EAF7C2897F2550092B29C /* ScannerViewController.swift */,
				71F5D91B28B3D8E100B66482 /* AuthorizePaymentViewController.swift */,
				71C2B3A828C653C6002E7724 /* TransactionHistoryViewController.swift */,
				713438332866D038005D0EBD /* Main.storyboard */,
				713438362866D03F005D0EBD /* Assets.xcassets */,
				713438382866D03F005D0EBD /* LaunchScreen.storyboard */,
				7134383B2866D03F005D0EBD /* Info.plist */,
			);
			path = REDE;
			sourceTree = "<group>";
		};
		713438412866D43E005D0EBD /* Extension */ = {
			isa = PBXGroup;
			children = (
				713438422866D46B005D0EBD /* UIViewController+Extension.swift */,
				7134385228677252005D0EBD /* UIControl+Extension.swift */,
				713C9E9A28910AB200F8F3AE /* UserDefault+Extension.swift */,
				714CEF742899551A00528ACF /* Url+Extension.swift */,
				711C8E4C28A159A600F50ABC /* UINavigationController+Extension.swift */,
			);
			path = Extension;
			sourceTree = "<group>";
		};
		7134385128676DB3005D0EBD /* Views */ = {
			isa = PBXGroup;
			children = (
				7134384D28676D6F005D0EBD /* NavigationBar.swift */,
				717A996D289FF41D00AD6646 /* ConnectorCell.swift */,
			);
			path = Views;
			sourceTree = "<group>";
		};
		713C9E702891046200F8F3AE /* Network */ = {
			isa = PBXGroup;
			children = (
				713C9E752891046200F8F3AE /* Manager */,
				713C9E772891046200F8F3AE /* EndPoint */,
				713C9E792891046200F8F3AE /* Model */,
				713C9E812891046200F8F3AE /* Service */,
			);
			path = Network;
			sourceTree = "<group>";
		};
		713C9E752891046200F8F3AE /* Manager */ = {
			isa = PBXGroup;
			children = (
				713C9E762891046200F8F3AE /* NetworkManager.swift */,
			);
			path = Manager;
			sourceTree = "<group>";
		};
		713C9E772891046200F8F3AE /* EndPoint */ = {
			isa = PBXGroup;
			children = (
				713C9E782891046200F8F3AE /* RedeEndPoint.swift */,
			);
			path = EndPoint;
			sourceTree = "<group>";
		};
		713C9E792891046200F8F3AE /* Model */ = {
			isa = PBXGroup;
			children = (
				713C9E9828910A4600F8F3AE /* User.swift */,
				719746A52892792B001490C0 /* Site.swift */,
			);
			path = Model;
			sourceTree = "<group>";
		};
		713C9E812891046200F8F3AE /* Service */ = {
			isa = PBXGroup;
			children = (
				713C9E822891046200F8F3AE /* NetworkHeaders.swift */,
				713C9E722891046200F8F3AE /* ParameterEncoding.swift */,
				713C9E832891046200F8F3AE /* HTTPMethod.swift */,
				713C9E842891046200F8F3AE /* Router.swift */,
				713C9E852891046200F8F3AE /* NetworkLogger.swift */,
				713C9E862891046200F8F3AE /* EndPointType.swift */,
				716E7467289BF4F400F02342 /* NetworkParameters.swift */,
			);
			path = Service;
			sourceTree = "<group>";
		};
		71CF94D7289CCEF6002186EA /* Font */ = {
			isa = PBXGroup;
			children = (
				71CF94D8289CCF06002186EA /* Aldrich-Regular.ttf */,
			);
			path = Font;
			sourceTree = "<group>";
		};
		B9882915053D1D299CCF8952 /* Frameworks */ = {
			isa = PBXGroup;
			children = (
				A91AAF31293E5CC400E206D4 /* PassKit.framework */,
				719746A72892B1E5001490C0 /* CoreLocation.framework */,
				2A599344D37568E44066C63C /* Pods_REDE.framework */,
			);
			name = Frameworks;
			sourceTree = "<group>";
		};
		C42243056160D146595EC682 /* Pods */ = {
			isa = PBXGroup;
			children = (
				6B94DAA5761D839589C09025 /* Pods-REDE.debug.xcconfig */,
				7101B04D52457366EE8B0E58 /* Pods-REDE.release.xcconfig */,
			);
			path = Pods;
			sourceTree = "<group>";
		};
/* End PBXGroup section */

/* Begin PBXNativeTarget section */
		713438292866D038005D0EBD /* REDE */ = {
			isa = PBXNativeTarget;
			buildConfigurationList = 7134383E2866D03F005D0EBD /* Build configuration list for PBXNativeTarget "REDE" */;
			buildPhases = (
				EA20541F7C4D0DDB631288D6 /* [CP] Check Pods Manifest.lock */,
				713438262866D038005D0EBD /* Sources */,
				713438272866D038005D0EBD /* Frameworks */,
				713438282866D038005D0EBD /* Resources */,
				CC40415D2B40BFD87C77444F /* [CP] Embed Pods Frameworks */,
			);
			buildRules = (
			);
			dependencies = (
			);
			name = REDE;
			packageProductDependencies = (
				713438452866E07E005D0EBD /* SimpleCheckbox */,
				719353412891160F00FF676E /* AlamofireImage */,
			);
			productName = REDE;
			productReference = 7134382A2866D038005D0EBD /* REDE.app */;
			productType = "com.apple.product-type.application";
		};
/* End PBXNativeTarget section */

/* Begin PBXProject section */
		713438222866D038005D0EBD /* Project object */ = {
			isa = PBXProject;
			attributes = {
				BuildIndependentTargetsInParallel = 1;
				LastSwiftUpdateCheck = 1340;
				LastUpgradeCheck = 1340;
				TargetAttributes = {
					713438292866D038005D0EBD = {
						CreatedOnToolsVersion = 13.4;
					};
				};
			};
			buildConfigurationList = 713438252866D038005D0EBD /* Build configuration list for PBXProject "REDE" */;
			compatibilityVersion = "Xcode 13.0";
			developmentRegion = en;
			hasScannedForEncodings = 0;
			knownRegions = (
				en,
				Base,
			);
			mainGroup = 713438212866D038005D0EBD;
			packageReferences = (
				713438442866E07E005D0EBD /* XCRemoteSwiftPackageReference "SimpleCheckbox" */,
				719353402891160F00FF676E /* XCRemoteSwiftPackageReference "AlamofireImage" */,
			);
			productRefGroup = 7134382B2866D038005D0EBD /* Products */;
			projectDirPath = "";
			projectRoot = "";
			targets = (
				713438292866D038005D0EBD /* REDE */,
			);
		};
/* End PBXProject section */

/* Begin PBXResourcesBuildPhase section */
		713438282866D038005D0EBD /* Resources */ = {
			isa = PBXResourcesBuildPhase;
			buildActionMask = 2147483647;
			files = (
				7134383A2866D03F005D0EBD /* LaunchScreen.storyboard in Resources */,
				71CF94D9289CCF06002186EA /* Aldrich-Regular.ttf in Resources */,
				713438372866D03F005D0EBD /* Assets.xcassets in Resources */,
				713438352866D038005D0EBD /* Main.storyboard in Resources */,
			);
			runOnlyForDeploymentPostprocessing = 0;
		};
/* End PBXResourcesBuildPhase section */

/* Begin PBXShellScriptBuildPhase section */
		CC40415D2B40BFD87C77444F /* [CP] Embed Pods Frameworks */ = {
			isa = PBXShellScriptBuildPhase;
			buildActionMask = 2147483647;
			files = (
			);
			inputFileListPaths = (
				"${PODS_ROOT}/Target Support Files/Pods-REDE/Pods-REDE-frameworks-${CONFIGURATION}-input-files.xcfilelist",
			);
			name = "[CP] Embed Pods Frameworks";
			outputFileListPaths = (
				"${PODS_ROOT}/Target Support Files/Pods-REDE/Pods-REDE-frameworks-${CONFIGURATION}-output-files.xcfilelist",
			);
			runOnlyForDeploymentPostprocessing = 0;
			shellPath = /bin/sh;
			shellScript = "\"${PODS_ROOT}/Target Support Files/Pods-REDE/Pods-REDE-frameworks.sh\"\n";
			showEnvVarsInLog = 0;
		};
		EA20541F7C4D0DDB631288D6 /* [CP] Check Pods Manifest.lock */ = {
			isa = PBXShellScriptBuildPhase;
			buildActionMask = 2147483647;
			files = (
			);
			inputFileListPaths = (
			);
			inputPaths = (
				"${PODS_PODFILE_DIR_PATH}/Podfile.lock",
				"${PODS_ROOT}/Manifest.lock",
			);
			name = "[CP] Check Pods Manifest.lock";
			outputFileListPaths = (
			);
			outputPaths = (
				"$(DERIVED_FILE_DIR)/Pods-REDE-checkManifestLockResult.txt",
			);
			runOnlyForDeploymentPostprocessing = 0;
			shellPath = /bin/sh;
			shellScript = "diff \"${PODS_PODFILE_DIR_PATH}/Podfile.lock\" \"${PODS_ROOT}/Manifest.lock\" > /dev/null\nif [ $? != 0 ] ; then\n    # print error to STDERR\n    echo \"error: The sandbox is not in sync with the Podfile.lock. Run 'pod install' or update your CocoaPods installation.\" >&2\n    exit 1\nfi\n# This output is used by Xcode 'outputs' to avoid re-running this script phase.\necho \"SUCCESS\" > \"${SCRIPT_OUTPUT_FILE_0}\"\n";
			showEnvVarsInLog = 0;
		};
/* End PBXShellScriptBuildPhase section */

/* Begin PBXSourcesBuildPhase section */
		713438262866D038005D0EBD /* Sources */ = {
			isa = PBXSourcesBuildPhase;
			buildActionMask = 2147483647;
			files = (
				7134384A286768DB005D0EBD /* ProfileViewController.swift in Sources */,
				7134384C28676902005D0EBD /* DashboardViewController.swift in Sources */,
				713C9E8B2891046200F8F3AE /* RedeEndPoint.swift in Sources */,
				713C9E942891046200F8F3AE /* HTTPMethod.swift in Sources */,
				714581572889207000634022 /* ChargerDetailsViewController.swift in Sources */,
				717A996E289FF41D00AD6646 /* ConnectorCell.swift in Sources */,
				71C2B3A928C653C6002E7724 /* TransactionHistoryViewController.swift in Sources */,
				713438432866D46B005D0EBD /* UIViewController+Extension.swift in Sources */,
				716362412897E174003ADFF6 /* SiteDetailsViewController.swift in Sources */,
				713C9E952891046200F8F3AE /* Router.swift in Sources */,
				713C9E932891046200F8F3AE /* NetworkHeaders.swift in Sources */,
				713C9E962891046200F8F3AE /* NetworkLogger.swift in Sources */,
				719746A62892792B001490C0 /* Site.swift in Sources */,
				713C9E9928910A4600F8F3AE /* User.swift in Sources */,
				71F5D91C28B3D8E100B66482 /* AuthorizePaymentViewController.swift in Sources */,
				71EDDD14289CBF5200B9DA84 /* RegistrationViewController.swift in Sources */,
				7134384E28676D6F005D0EBD /* NavigationBar.swift in Sources */,
				713438322866D038005D0EBD /* LoginViewController.swift in Sources */,
				716E7468289BF4F400F02342 /* NetworkParameters.swift in Sources */,
				713C9E872891046200F8F3AE /* ParameterEncoding.swift in Sources */,
				711C8E4D28A159A700F50ABC /* UINavigationController+Extension.swift in Sources */,
				713C9E972891046200F8F3AE /* EndPointType.swift in Sources */,
				7134382E2866D038005D0EBD /* AppDelegate.swift in Sources */,
				7145815928892F4E00634022 /* StopChargingViewController.swift in Sources */,
				713438482866E5C6005D0EBD /* MapViewController.swift in Sources */,
				7134385328677252005D0EBD /* UIControl+Extension.swift in Sources */,
				713C9E8A2891046200F8F3AE /* NetworkManager.swift in Sources */,
				713C9E9B28910AB200F8F3AE /* UserDefault+Extension.swift in Sources */,
				714CEF752899551A00528ACF /* Url+Extension.swift in Sources */,
				711EAF7D2897F2550092B29C /* ScannerViewController.swift in Sources */,
				713438302866D038005D0EBD /* SceneDelegate.swift in Sources */,
			);
			runOnlyForDeploymentPostprocessing = 0;
		};
/* End PBXSourcesBuildPhase section */

/* Begin PBXVariantGroup section */
		713438332866D038005D0EBD /* Main.storyboard */ = {
			isa = PBXVariantGroup;
			children = (
				713438342866D038005D0EBD /* Base */,
			);
			name = Main.storyboard;
			sourceTree = "<group>";
		};
		713438382866D03F005D0EBD /* LaunchScreen.storyboard */ = {
			isa = PBXVariantGroup;
			children = (
				713438392866D03F005D0EBD /* Base */,
			);
			name = LaunchScreen.storyboard;
			sourceTree = "<group>";
		};
/* End PBXVariantGroup section */

/* Begin XCBuildConfiguration section */
		7134383C2866D03F005D0EBD /* Debug */ = {
			isa = XCBuildConfiguration;
			buildSettings = {
				ALWAYS_SEARCH_USER_PATHS = NO;
				CLANG_ANALYZER_NONNULL = YES;
				CLANG_ANALYZER_NUMBER_OBJECT_CONVERSION = YES_AGGRESSIVE;
				CLANG_CXX_LANGUAGE_STANDARD = "gnu++17";
				CLANG_ENABLE_MODULES = YES;
				CLANG_ENABLE_OBJC_ARC = YES;
				CLANG_ENABLE_OBJC_WEAK = YES;
				CLANG_WARN_BLOCK_CAPTURE_AUTORELEASING = YES;
				CLANG_WARN_BOOL_CONVERSION = YES;
				CLANG_WARN_COMMA = YES;
				CLANG_WARN_CONSTANT_CONVERSION = YES;
				CLANG_WARN_DEPRECATED_OBJC_IMPLEMENTATIONS = YES;
				CLANG_WARN_DIRECT_OBJC_ISA_USAGE = YES_ERROR;
				CLANG_WARN_DOCUMENTATION_COMMENTS = YES;
				CLANG_WARN_EMPTY_BODY = YES;
				CLANG_WARN_ENUM_CONVERSION = YES;
				CLANG_WARN_INFINITE_RECURSION = YES;
				CLANG_WARN_INT_CONVERSION = YES;
				CLANG_WARN_NON_LITERAL_NULL_CONVERSION = YES;
				CLANG_WARN_OBJC_IMPLICIT_RETAIN_SELF = YES;
				CLANG_WARN_OBJC_LITERAL_CONVERSION = YES;
				CLANG_WARN_OBJC_ROOT_CLASS = YES_ERROR;
				CLANG_WARN_QUOTED_INCLUDE_IN_FRAMEWORK_HEADER = YES;
				CLANG_WARN_RANGE_LOOP_ANALYSIS = YES;
				CLANG_WARN_STRICT_PROTOTYPES = YES;
				CLANG_WARN_SUSPICIOUS_MOVE = YES;
				CLANG_WARN_UNGUARDED_AVAILABILITY = YES_AGGRESSIVE;
				CLANG_WARN_UNREACHABLE_CODE = YES;
				CLANG_WARN__DUPLICATE_METHOD_MATCH = YES;
				COPY_PHASE_STRIP = NO;
				DEBUG_INFORMATION_FORMAT = dwarf;
				ENABLE_STRICT_OBJC_MSGSEND = YES;
				ENABLE_TESTABILITY = YES;
				GCC_C_LANGUAGE_STANDARD = gnu11;
				GCC_DYNAMIC_NO_PIC = NO;
				GCC_NO_COMMON_BLOCKS = YES;
				GCC_OPTIMIZATION_LEVEL = 0;
				GCC_PREPROCESSOR_DEFINITIONS = (
					"DEBUG=1",
					"$(inherited)",
				);
				GCC_WARN_64_TO_32_BIT_CONVERSION = YES;
				GCC_WARN_ABOUT_RETURN_TYPE = YES_ERROR;
				GCC_WARN_UNDECLARED_SELECTOR = YES;
				GCC_WARN_UNINITIALIZED_AUTOS = YES_AGGRESSIVE;
				GCC_WARN_UNUSED_FUNCTION = YES;
				GCC_WARN_UNUSED_VARIABLE = YES;
				IPHONEOS_DEPLOYMENT_TARGET = 15.5;
				MTL_ENABLE_DEBUG_INFO = INCLUDE_SOURCE;
				MTL_FAST_MATH = YES;
				ONLY_ACTIVE_ARCH = YES;
				SDKROOT = iphoneos;
				SWIFT_ACTIVE_COMPILATION_CONDITIONS = DEBUG;
				SWIFT_OPTIMIZATION_LEVEL = "-Onone";
			};
			name = Debug;
		};
		7134383D2866D03F005D0EBD /* Release */ = {
			isa = XCBuildConfiguration;
			buildSettings = {
				ALWAYS_SEARCH_USER_PATHS = NO;
				CLANG_ANALYZER_NONNULL = YES;
				CLANG_ANALYZER_NUMBER_OBJECT_CONVERSION = YES_AGGRESSIVE;
				CLANG_CXX_LANGUAGE_STANDARD = "gnu++17";
				CLANG_ENABLE_MODULES = YES;
				CLANG_ENABLE_OBJC_ARC = YES;
				CLANG_ENABLE_OBJC_WEAK = YES;
				CLANG_WARN_BLOCK_CAPTURE_AUTORELEASING = YES;
				CLANG_WARN_BOOL_CONVERSION = YES;
				CLANG_WARN_COMMA = YES;
				CLANG_WARN_CONSTANT_CONVERSION = YES;
				CLANG_WARN_DEPRECATED_OBJC_IMPLEMENTATIONS = YES;
				CLANG_WARN_DIRECT_OBJC_ISA_USAGE = YES_ERROR;
				CLANG_WARN_DOCUMENTATION_COMMENTS = YES;
				CLANG_WARN_EMPTY_BODY = YES;
				CLANG_WARN_ENUM_CONVERSION = YES;
				CLANG_WARN_INFINITE_RECURSION = YES;
				CLANG_WARN_INT_CONVERSION = YES;
				CLANG_WARN_NON_LITERAL_NULL_CONVERSION = YES;
				CLANG_WARN_OBJC_IMPLICIT_RETAIN_SELF = YES;
				CLANG_WARN_OBJC_LITERAL_CONVERSION = YES;
				CLANG_WARN_OBJC_ROOT_CLASS = YES_ERROR;
				CLANG_WARN_QUOTED_INCLUDE_IN_FRAMEWORK_HEADER = YES;
				CLANG_WARN_RANGE_LOOP_ANALYSIS = YES;
				CLANG_WARN_STRICT_PROTOTYPES = YES;
				CLANG_WARN_SUSPICIOUS_MOVE = YES;
				CLANG_WARN_UNGUARDED_AVAILABILITY = YES_AGGRESSIVE;
				CLANG_WARN_UNREACHABLE_CODE = YES;
				CLANG_WARN__DUPLICATE_METHOD_MATCH = YES;
				COPY_PHASE_STRIP = NO;
				DEBUG_INFORMATION_FORMAT = "dwarf-with-dsym";
				ENABLE_NS_ASSERTIONS = NO;
				ENABLE_STRICT_OBJC_MSGSEND = YES;
				GCC_C_LANGUAGE_STANDARD = gnu11;
				GCC_NO_COMMON_BLOCKS = YES;
				GCC_WARN_64_TO_32_BIT_CONVERSION = YES;
				GCC_WARN_ABOUT_RETURN_TYPE = YES_ERROR;
				GCC_WARN_UNDECLARED_SELECTOR = YES;
				GCC_WARN_UNINITIALIZED_AUTOS = YES_AGGRESSIVE;
				GCC_WARN_UNUSED_FUNCTION = YES;
				GCC_WARN_UNUSED_VARIABLE = YES;
				IPHONEOS_DEPLOYMENT_TARGET = 15.5;
				MTL_ENABLE_DEBUG_INFO = NO;
				MTL_FAST_MATH = YES;
				SDKROOT = iphoneos;
				SWIFT_COMPILATION_MODE = wholemodule;
				SWIFT_OPTIMIZATION_LEVEL = "-O";
				VALIDATE_PRODUCT = YES;
			};
			name = Release;
		};
		7134383F2866D03F005D0EBD /* Debug */ = {
			isa = XCBuildConfiguration;
			baseConfigurationReference = 6B94DAA5761D839589C09025 /* Pods-REDE.debug.xcconfig */;
			buildSettings = {
				ASSETCATALOG_COMPILER_APPICON_NAME = AppIcon;
				ASSETCATALOG_COMPILER_GLOBAL_ACCENT_COLOR_NAME = AccentColor;
				CODE_SIGN_STYLE = Manual;
				CURRENT_PROJECT_VERSION = 1;
				DEVELOPMENT_TEAM = "";
				GENERATE_INFOPLIST_FILE = YES;
				INFOPLIST_FILE = REDE/Info.plist;
				INFOPLIST_KEY_NSCameraUsageDescription = "This app needs acess device camera to scan qr";
				INFOPLIST_KEY_NSLocationWhenInUseUsageDescription = "This app needs your location to show nearby services";
				INFOPLIST_KEY_UIApplicationSupportsIndirectInputEvents = YES;
				INFOPLIST_KEY_UILaunchStoryboardName = LaunchScreen;
				INFOPLIST_KEY_UIMainStoryboardFile = Main;
				INFOPLIST_KEY_UIRequiresFullScreen = NO;
				INFOPLIST_KEY_UIStatusBarHidden = NO;
				INFOPLIST_KEY_UISupportedInterfaceOrientations_iPad = "UIInterfaceOrientationPortrait UIInterfaceOrientationPortraitUpsideDown UIInterfaceOrientationLandscapeLeft UIInterfaceOrientationLandscapeRight";
				INFOPLIST_KEY_UISupportedInterfaceOrientations_iPhone = "UIInterfaceOrientationPortrait UIInterfaceOrientationLandscapeLeft UIInterfaceOrientationLandscapeRight";
				LD_RUNPATH_SEARCH_PATHS = (
					"$(inherited)",
					"@executable_path/Frameworks",
				);
				MARKETING_VERSION = 1.0;
				PRODUCT_BUNDLE_IDENTIFIER = com.harish.rede;
				PRODUCT_NAME = "$(TARGET_NAME)";
				PROVISIONING_PROFILE_SPECIFIER = "";
				SWIFT_EMIT_LOC_STRINGS = YES;
				SWIFT_VERSION = 5.0;
				TARGETED_DEVICE_FAMILY = "1,2";
			};
			name = Debug;
		};
		713438402866D03F005D0EBD /* Release */ = {
			isa = XCBuildConfiguration;
			baseConfigurationReference = 7101B04D52457366EE8B0E58 /* Pods-REDE.release.xcconfig */;
			buildSettings = {
				ASSETCATALOG_COMPILER_APPICON_NAME = AppIcon;
				ASSETCATALOG_COMPILER_GLOBAL_ACCENT_COLOR_NAME = AccentColor;
				CODE_SIGN_STYLE = Manual;
				CURRENT_PROJECT_VERSION = 1;
				DEVELOPMENT_TEAM = "";
				GENERATE_INFOPLIST_FILE = YES;
				INFOPLIST_FILE = REDE/Info.plist;
				INFOPLIST_KEY_NSCameraUsageDescription = "This app needs acess device camera to scan qr";
				INFOPLIST_KEY_NSLocationWhenInUseUsageDescription = "This app needs your location to show nearby services";
				INFOPLIST_KEY_UIApplicationSupportsIndirectInputEvents = YES;
				INFOPLIST_KEY_UILaunchStoryboardName = LaunchScreen;
				INFOPLIST_KEY_UIMainStoryboardFile = Main;
				INFOPLIST_KEY_UIRequiresFullScreen = NO;
				INFOPLIST_KEY_UIStatusBarHidden = NO;
				INFOPLIST_KEY_UISupportedInterfaceOrientations_iPad = "UIInterfaceOrientationPortrait UIInterfaceOrientationPortraitUpsideDown UIInterfaceOrientationLandscapeLeft UIInterfaceOrientationLandscapeRight";
				INFOPLIST_KEY_UISupportedInterfaceOrientations_iPhone = "UIInterfaceOrientationPortrait UIInterfaceOrientationLandscapeLeft UIInterfaceOrientationLandscapeRight";
				LD_RUNPATH_SEARCH_PATHS = (
					"$(inherited)",
					"@executable_path/Frameworks",
				);
				MARKETING_VERSION = 1.0;
				PRODUCT_BUNDLE_IDENTIFIER = com.harish.rede;
				PRODUCT_NAME = "$(TARGET_NAME)";
				PROVISIONING_PROFILE_SPECIFIER = "";
				SWIFT_EMIT_LOC_STRINGS = YES;
				SWIFT_VERSION = 5.0;
				TARGETED_DEVICE_FAMILY = "1,2";
			};
			name = Release;
		};
/* End XCBuildConfiguration section */

/* Begin XCConfigurationList section */
		713438252866D038005D0EBD /* Build configuration list for PBXProject "REDE" */ = {
			isa = XCConfigurationList;
			buildConfigurations = (
				7134383C2866D03F005D0EBD /* Debug */,
				7134383D2866D03F005D0EBD /* Release */,
			);
			defaultConfigurationIsVisible = 0;
			defaultConfigurationName = Release;
		};
		7134383E2866D03F005D0EBD /* Build configuration list for PBXNativeTarget "REDE" */ = {
			isa = XCConfigurationList;
			buildConfigurations = (
				7134383F2866D03F005D0EBD /* Debug */,
				713438402866D03F005D0EBD /* Release */,
			);
			defaultConfigurationIsVisible = 0;
			defaultConfigurationName = Release;
		};
/* End XCConfigurationList section */

/* Begin XCRemoteSwiftPackageReference section */
		713438442866E07E005D0EBD /* XCRemoteSwiftPackageReference "SimpleCheckbox" */ = {
			isa = XCRemoteSwiftPackageReference;
			repositoryURL = "https://github.com/BeauNouvelle/SimpleCheckbox.git";
			requirement = {
				kind = upToNextMajorVersion;
				minimumVersion = 2.0.0;
			};
		};
		719353402891160F00FF676E /* XCRemoteSwiftPackageReference "AlamofireImage" */ = {
			isa = XCRemoteSwiftPackageReference;
			repositoryURL = "https://github.com/Alamofire/AlamofireImage.git";
			requirement = {
				kind = upToNextMajorVersion;
				minimumVersion = 4.2.0;
			};
		};
/* End XCRemoteSwiftPackageReference section */

/* Begin XCSwiftPackageProductDependency section */
		713438452866E07E005D0EBD /* SimpleCheckbox */ = {
			isa = XCSwiftPackageProductDependency;
			package = 713438442866E07E005D0EBD /* XCRemoteSwiftPackageReference "SimpleCheckbox" */;
			productName = SimpleCheckbox;
		};
		719353412891160F00FF676E /* AlamofireImage */ = {
			isa = XCSwiftPackageProductDependency;
			package = 719353402891160F00FF676E /* XCRemoteSwiftPackageReference "AlamofireImage" */;
			productName = AlamofireImage;
		};
/* End XCSwiftPackageProductDependency section */
	};
	rootObject = 713438222866D038005D0EBD /* Project object */;
}
